
Microsoft Visual Studio Solution File, Format Version 12.00
# Visual Studio 15
VisualStudioVersion = 15.0.27130.2010
MinimumVisualStudioVersion = 10.0.40219.1
Project("{FAE04EC0-301F-11D3-BF4B-00C04F79EFBC}") = "comic-book-gallery", "comic-book-gallery\comic-book-gallery.csproj", "{9EEC8B15-B5FB-4F29-BF6C-B715B6A16D7D}"
EndProject
Project("{FAE04EC0-301F-11D3-BF4B-00C04F79EFBC}") = "comic-book-gallery.Tests", "comic-book-gallery.Tests\comic-book-gallery.Tests.csproj", "{D736E49E-49A9-4391-8E97-52D46DE6604C}"
EndProject
Global
	GlobalSection(SolutionConfigurationPlatforms) = preSolution
		Debug|Any CPU = Debug|Any CPU
		Release|Any CPU = Release|Any CPU
	EndGlobalSection
	GlobalSection(ProjectConfigurationPlatforms) = postSolution
		{9EEC8B15-B5FB-4F29-BF6C-B715B6A16D7D}.Debug|Any CPU.ActiveCfg = Debug|Any CPU
		{9EEC8B15-B5FB-4F29-BF6C-B715B6A16D7D}.Debug|Any CPU.Build.0 = Debug|Any CPU
		{9EEC8B15-B5FB-4F29-BF6C-B715B6A16D7D}.Release|Any CPU.ActiveCfg = Release|Any CPU
		{9EEC8B15-B5FB-4F29-BF6C-B715B6A16D7D}.Release|Any CPU.Build.0 = Release|Any CPU
		{D736E49E-49A9-4391-8E97-52D46DE6604C}.Debug|Any CPU.ActiveCfg = Debug|Any CPU
		{D736E49E-49A9-4391-8E97-52D46DE6604C}.Debug|Any CPU.Build.0 = Debug|Any CPU
		{D736E49E-49A9-4391-8E97-52D46DE6604C}.Release|Any CPU.ActiveCfg = Release|Any CPU
		{D736E49E-49A9-4391-8E97-52D46DE6604C}.Release|Any CPU.Build.0 = Release|Any CPU
	EndGlobalSection
	GlobalSection(SolutionProperties) = preSolution
		HideSolutionNode = FALSE
	EndGlobalSection
	GlobalSection(ExtensibilityGlobals) = postSolution
		SolutionGuid = {A2BF32D3-CA67-41A8-BF5C-F4DF3377C6EB}
	EndGlobalSection
EndGlobal
